
Microsoft Visual Studio Solution File, Format Version 12.00
# Visual Studio 15
VisualStudioVersion = 15.0.27703.2026
MinimumVisualStudioVersion = 10.0.40219.1
Project("{FAE04EC0-301F-11D3-BF4B-00C04F79EFBC}") = "01_Value_Types", "01_Value_Types\01_Value_Types.csproj", "{D7767657-6574-455E-85DC-5CB98A0CCC60}"
EndProject
Project("{FAE04EC0-301F-11D3-BF4B-00C04F79EFBC}") = "01_Value_Types_Business_Problem", "01_Value_Types_Business_Problem\01_Value_Types_Business_Problem.csproj", "{2E32DD8F-BBFE-45B5-B614-7EBD1516F25C}"
EndProject
Project("{FAE04EC0-301F-11D3-BF4B-00C04F79EFBC}") = "02_Reference_Types", "Class1\02_Reference_Types.csproj", "{0CACDEB4-E90B-45D6-85CA-6CD5E40D35EA}"
EndProject
Project("{FAE04EC0-301F-11D3-BF4B-00C04F79EFBC}") = "02_Reference_Types_Unit_Test", "02_Reference_Types_Unit_Test\02_Reference_Types_Unit_Test.csproj", "{FC44AAD6-35C5-491C-AA26-003BAA311CBE}"
EndProject
Project("{FAE04EC0-301F-11D3-BF4B-00C04F79EFBC}") = "03 Defining_Classes_1", "03 Defining_Classes_1\03 Defining_Classes_1.csproj", "{8C727005-5568-4B14-8A83-C8166306570E}"
EndProject
Project("{FAE04EC0-301F-11D3-BF4B-00C04F79EFBC}") = "03_Defining_Classes1_Unit_Test", "03_Defining_Classes1_Unit_Test\03_Defining_Classes1_Unit_Test.csproj", "{30847A66-5281-4987-AFA2-CCDB8D9ED4C4}"
EndProject
Project("{FAE04EC0-301F-11D3-BF4B-00C04F79EFBC}") = "ConsoleApp1", "ConsoleApp1\ConsoleApp1.csproj", "{B03E4A7A-53A0-417C-BFED-F9CD3859DE64}"
EndProject
Project("{FAE04EC0-301F-11D3-BF4B-00C04F79EFBC}") = "Employee_Repository", "Employee_Repository\Employee_Repository.csproj", "{CA06B90F-0223-4C07-BA43-6D241359609B}"
EndProject
Project("{FAE04EC0-301F-11D3-BF4B-00C04F79EFBC}") = "04Employee_UI", "04Employee_UI\04Employee_UI.csproj", "{A5848A77-E6A1-4A1B-AD57-CE70FDFF3C35}"
EndProject
Project("{FAE04EC0-301F-11D3-BF4B-00C04F79EFBC}") = "ConsoleApp2", "03_Defining_Classes_2_UI\ConsoleApp2\ConsoleApp2.csproj", "{129D1CE6-1F69-49AE-A8B3-7D03E07F4426}"
EndProject
Project("{FAE04EC0-301F-11D3-BF4B-00C04F79EFBC}") = "03_Defining_Classes_2_UI", "03_Defining_Classes_2_UI\03_Defining_Classes_2_UI\03_Defining_Classes_2_UI.csproj", "{39AB7581-A0D0-45A9-B1EF-0BA0029A41B3}"
EndProject
Project("{FAE04EC0-301F-11D3-BF4B-00C04F79EFBC}") = "03Defining_Classes_2", "03Defining_Classes_2\03Defining_Classes_2.csproj", "{3850674C-7BD5-4AA0-A251-3DDA234CC4EB}"
EndProject
Project("{FAE04EC0-301F-11D3-BF4B-00C04F79EFBC}") = "03_Defining_Classes_2", "03_Defining_Classes_2\03_Defining_Classes_2.csproj", "{44E9802C-D4D2-4EE1-BCF9-D4C093F21359}"
EndProject
Project("{FAE04EC0-301F-11D3-BF4B-00C04F79EFBC}") = "03_Defining_Classes_2_Unit_Tests", "03_Defining_Classes_2_Unit_Tests\03_Defining_Classes_2_Unit_Tests.csproj", "{129074FE-BBBB-4CF2-9A92-834C9F579F98}"
EndProject
Project("{FAE04EC0-301F-11D3-BF4B-00C04F79EFBC}") = "03_Defining_Classes_3", "03_Defining_Classes_3\03_Defining_Classes_3.csproj", "{E6087B3A-030D-43BB-8FCB-926B0AA821FE}"
EndProject
Project("{FAE04EC0-301F-11D3-BF4B-00C04F79EFBC}") = "03_Defining_Classes_3_Unit_Test", "03_Defining_Classes_3_Unit_Test\03_Defining_Classes_3_Unit_Test.csproj", "{5DFD3796-6B77-4B5A-83BA-9850459BDA7D}"
EndProject
Project("{FAE04EC0-301F-11D3-BF4B-00C04F79EFBC}") = "03_Defining_Classes_4_Unit_Test", "03_Defining_Classes_4_Unit_Test\03_Defining_Classes_4_Unit_Test.csproj", "{FABE05E7-D987-4B6C-8C6F-7A30991C3859}"
EndProject
Project("{9A19103F-16F7-4668-BE54-9A1E7A4F7556}") = "03_Defining_Classes_4", "03_Defining_Classes_4\03_Defining_Classes_4.csproj", "{9129484E-E69F-47C9-BBFE-E13C55762EDA}"
EndProject
Project("{FAE04EC0-301F-11D3-BF4B-00C04F79EFBC}") = "99_REID", "99_REID\99_REID.csproj", "{E5F7CEE0-BCAF-4FE9-B9EE-181972D34DFB}"
EndProject
Project("{F184B08F-C81C-45F6-A57F-5ABD9991F28F}") = "04_Encapulationa_1", "04_Encapulationa_1\04_Encapulationa_1.vbproj", "{8067F9D1-EA4D-4093-B1C5-37E8E0C3DF00}"
EndProject
Project("{FAE04EC0-301F-11D3-BF4B-00C04F79EFBC}") = "04_Encapulation2_1", "04_Encapulation2_1\04_Encapulation2_1.csproj", "{83AF8388-DEE0-49C6-803B-DA7E04763305}"
EndProject
Project("{FAE04EC0-301F-11D3-BF4B-00C04F79EFBC}") = "04_Encapsulation_1_Unit_Test", "04_Encapsulation_1_Unit_Test\04_Encapsulation_1_Unit_Test.csproj", "{99C7240B-AED9-46B4-9ECF-84DDCC7004C3}"
EndProject
Project("{FAE04EC0-301F-11D3-BF4B-00C04F79EFBC}") = "04_Encapsulation_2", "04_Encapsulation_2\04_Encapsulation_2.csproj", "{615BF079-9C7C-4465-BE07-0E0863D6EE22}"
EndProject
Project("{FAE04EC0-301F-11D3-BF4B-00C04F79EFBC}") = "07_Business_Challenge_1", "07_Business_Challenge_1\07_Business_Challenge_1.csproj", "{EAFEFC14-8D8A-4A6F-B5FB-198F4DF8F93C}"
EndProject
Project("{FAE04EC0-301F-11D3-BF4B-00C04F79EFBC}") = "07_Business_Challenge_1_Unit_Test", "07_Business_Challenge_1_Unit_Test\07_Business_Challenge_1_Unit_Test.csproj", "{75BAC1E7-0456-4C6C-8C0E-43F6F0B5A45E}"
EndProject
Project("{FAE04EC0-301F-11D3-BF4B-00C04F79EFBC}") = "05_inheritiance_Demo", "05_inheritiance_Demo\05_inheritiance_Demo.csproj", "{18E2E586-13DE-48B0-93E9-439F16131383}"
EndProject
Project("{FAE04EC0-301F-11D3-BF4B-00C04F79EFBC}") = "07_Polymorphism_Demo", "07_Polymorphism_Demo\07_Polymorphism_Demo.csproj", "{A5B9E209-A517-4DA4-B9BC-4A1119D1D3B6}"
EndProject
Global
	GlobalSection(SolutionConfigurationPlatforms) = preSolution
		Debug|Any CPU = Debug|Any CPU
		Release|Any CPU = Release|Any CPU
	EndGlobalSection
	GlobalSection(ProjectConfigurationPlatforms) = postSolution
		{D7767657-6574-455E-85DC-5CB98A0CCC60}.Debug|Any CPU.ActiveCfg = Debug|Any CPU
		{D7767657-6574-455E-85DC-5CB98A0CCC60}.Debug|Any CPU.Build.0 = Debug|Any CPU
		{D7767657-6574-455E-85DC-5CB98A0CCC60}.Release|Any CPU.ActiveCfg = Release|Any CPU
		{D7767657-6574-455E-85DC-5CB98A0CCC60}.Release|Any CPU.Build.0 = Release|Any CPU
		{2E32DD8F-BBFE-45B5-B614-7EBD1516F25C}.Debug|Any CPU.ActiveCfg = Debug|Any CPU
		{2E32DD8F-BBFE-45B5-B614-7EBD1516F25C}.Debug|Any CPU.Build.0 = Debug|Any CPU
		{2E32DD8F-BBFE-45B5-B614-7EBD1516F25C}.Release|Any CPU.ActiveCfg = Release|Any CPU
		{2E32DD8F-BBFE-45B5-B614-7EBD1516F25C}.Release|Any CPU.Build.0 = Release|Any CPU
		{0CACDEB4-E90B-45D6-85CA-6CD5E40D35EA}.Debug|Any CPU.ActiveCfg = Debug|Any CPU
		{0CACDEB4-E90B-45D6-85CA-6CD5E40D35EA}.Debug|Any CPU.Build.0 = Debug|Any CPU
		{0CACDEB4-E90B-45D6-85CA-6CD5E40D35EA}.Release|Any CPU.ActiveCfg = Release|Any CPU
		{0CACDEB4-E90B-45D6-85CA-6CD5E40D35EA}.Release|Any CPU.Build.0 = Release|Any CPU
		{FC44AAD6-35C5-491C-AA26-003BAA311CBE}.Debug|Any CPU.ActiveCfg = Debug|Any CPU
		{FC44AAD6-35C5-491C-AA26-003BAA311CBE}.Debug|Any CPU.Build.0 = Debug|Any CPU
		{FC44AAD6-35C5-491C-AA26-003BAA311CBE}.Release|Any CPU.ActiveCfg = Release|Any CPU
		{FC44AAD6-35C5-491C-AA26-003BAA311CBE}.Release|Any CPU.Build.0 = Release|Any CPU
		{8C727005-5568-4B14-8A83-C8166306570E}.Debug|Any CPU.ActiveCfg = Debug|Any CPU
		{8C727005-5568-4B14-8A83-C8166306570E}.Debug|Any CPU.Build.0 = Debug|Any CPU
		{8C727005-5568-4B14-8A83-C8166306570E}.Release|Any CPU.ActiveCfg = Release|Any CPU
		{8C727005-5568-4B14-8A83-C8166306570E}.Release|Any CPU.Build.0 = Release|Any CPU
		{30847A66-5281-4987-AFA2-CCDB8D9ED4C4}.Debug|Any CPU.ActiveCfg = Debug|Any CPU
		{30847A66-5281-4987-AFA2-CCDB8D9ED4C4}.Debug|Any CPU.Build.0 = Debug|Any CPU
		{30847A66-5281-4987-AFA2-CCDB8D9ED4C4}.Release|Any CPU.ActiveCfg = Release|Any CPU
		{30847A66-5281-4987-AFA2-CCDB8D9ED4C4}.Release|Any CPU.Build.0 = Release|Any CPU
		{B03E4A7A-53A0-417C-BFED-F9CD3859DE64}.Debug|Any CPU.ActiveCfg = Debug|Any CPU
		{B03E4A7A-53A0-417C-BFED-F9CD3859DE64}.Debug|Any CPU.Build.0 = Debug|Any CPU
		{B03E4A7A-53A0-417C-BFED-F9CD3859DE64}.Release|Any CPU.ActiveCfg = Release|Any CPU
		{B03E4A7A-53A0-417C-BFED-F9CD3859DE64}.Release|Any CPU.Build.0 = Release|Any CPU
		{CA06B90F-0223-4C07-BA43-6D241359609B}.Debug|Any CPU.ActiveCfg = Debug|Any CPU
		{CA06B90F-0223-4C07-BA43-6D241359609B}.Debug|Any CPU.Build.0 = Debug|Any CPU
		{CA06B90F-0223-4C07-BA43-6D241359609B}.Release|Any CPU.ActiveCfg = Release|Any CPU
		{CA06B90F-0223-4C07-BA43-6D241359609B}.Release|Any CPU.Build.0 = Release|Any CPU
		{A5848A77-E6A1-4A1B-AD57-CE70FDFF3C35}.Debug|Any CPU.ActiveCfg = Debug|Any CPU
		{A5848A77-E6A1-4A1B-AD57-CE70FDFF3C35}.Debug|Any CPU.Build.0 = Debug|Any CPU
		{A5848A77-E6A1-4A1B-AD57-CE70FDFF3C35}.Release|Any CPU.ActiveCfg = Release|Any CPU
		{A5848A77-E6A1-4A1B-AD57-CE70FDFF3C35}.Release|Any CPU.Build.0 = Release|Any CPU
		{129D1CE6-1F69-49AE-A8B3-7D03E07F4426}.Debug|Any CPU.ActiveCfg = Debug|Any CPU
		{129D1CE6-1F69-49AE-A8B3-7D03E07F4426}.Debug|Any CPU.Build.0 = Debug|Any CPU
		{129D1CE6-1F69-49AE-A8B3-7D03E07F4426}.Release|Any CPU.ActiveCfg = Release|Any CPU
		{129D1CE6-1F69-49AE-A8B3-7D03E07F4426}.Release|Any CPU.Build.0 = Release|Any CPU
		{39AB7581-A0D0-45A9-B1EF-0BA0029A41B3}.Debug|Any CPU.ActiveCfg = Debug|Any CPU
		{39AB7581-A0D0-45A9-B1EF-0BA0029A41B3}.Debug|Any CPU.Build.0 = Debug|Any CPU
		{39AB7581-A0D0-45A9-B1EF-0BA0029A41B3}.Release|Any CPU.ActiveCfg = Release|Any CPU
		{39AB7581-A0D0-45A9-B1EF-0BA0029A41B3}.Release|Any CPU.Build.0 = Release|Any CPU
		{3850674C-7BD5-4AA0-A251-3DDA234CC4EB}.Debug|Any CPU.ActiveCfg = Debug|Any CPU
		{3850674C-7BD5-4AA0-A251-3DDA234CC4EB}.Debug|Any CPU.Build.0 = Debug|Any CPU
		{3850674C-7BD5-4AA0-A251-3DDA234CC4EB}.Release|Any CPU.ActiveCfg = Release|Any CPU
		{3850674C-7BD5-4AA0-A251-3DDA234CC4EB}.Release|Any CPU.Build.0 = Release|Any CPU
		{44E9802C-D4D2-4EE1-BCF9-D4C093F21359}.Debug|Any CPU.ActiveCfg = Debug|Any CPU
		{44E9802C-D4D2-4EE1-BCF9-D4C093F21359}.Debug|Any CPU.Build.0 = Debug|Any CPU
		{44E9802C-D4D2-4EE1-BCF9-D4C093F21359}.Release|Any CPU.ActiveCfg = Release|Any CPU
		{44E9802C-D4D2-4EE1-BCF9-D4C093F21359}.Release|Any CPU.Build.0 = Release|Any CPU
		{129074FE-BBBB-4CF2-9A92-834C9F579F98}.Debug|Any CPU.ActiveCfg = Debug|Any CPU
		{129074FE-BBBB-4CF2-9A92-834C9F579F98}.Debug|Any CPU.Build.0 = Debug|Any CPU
		{129074FE-BBBB-4CF2-9A92-834C9F579F98}.Release|Any CPU.ActiveCfg = Release|Any CPU
		{129074FE-BBBB-4CF2-9A92-834C9F579F98}.Release|Any CPU.Build.0 = Release|Any CPU
		{E6087B3A-030D-43BB-8FCB-926B0AA821FE}.Debug|Any CPU.ActiveCfg = Debug|Any CPU
		{E6087B3A-030D-43BB-8FCB-926B0AA821FE}.Debug|Any CPU.Build.0 = Debug|Any CPU
		{E6087B3A-030D-43BB-8FCB-926B0AA821FE}.Release|Any CPU.ActiveCfg = Release|Any CPU
		{E6087B3A-030D-43BB-8FCB-926B0AA821FE}.Release|Any CPU.Build.0 = Release|Any CPU
		{5DFD3796-6B77-4B5A-83BA-9850459BDA7D}.Debug|Any CPU.ActiveCfg = Debug|Any CPU
		{5DFD3796-6B77-4B5A-83BA-9850459BDA7D}.Debug|Any CPU.Build.0 = Debug|Any CPU
		{5DFD3796-6B77-4B5A-83BA-9850459BDA7D}.Release|Any CPU.ActiveCfg = Release|Any CPU
		{5DFD3796-6B77-4B5A-83BA-9850459BDA7D}.Release|Any CPU.Build.0 = Release|Any CPU
		{FABE05E7-D987-4B6C-8C6F-7A30991C3859}.Debug|Any CPU.ActiveCfg = Debug|Any CPU
		{FABE05E7-D987-4B6C-8C6F-7A30991C3859}.Debug|Any CPU.Build.0 = Debug|Any CPU
		{FABE05E7-D987-4B6C-8C6F-7A30991C3859}.Release|Any CPU.ActiveCfg = Release|Any CPU
		{FABE05E7-D987-4B6C-8C6F-7A30991C3859}.Release|Any CPU.Build.0 = Release|Any CPU
		{9129484E-E69F-47C9-BBFE-E13C55762EDA}.Debug|Any CPU.ActiveCfg = Debug|Any CPU
		{9129484E-E69F-47C9-BBFE-E13C55762EDA}.Debug|Any CPU.Build.0 = Debug|Any CPU
		{9129484E-E69F-47C9-BBFE-E13C55762EDA}.Release|Any CPU.ActiveCfg = Release|Any CPU
		{9129484E-E69F-47C9-BBFE-E13C55762EDA}.Release|Any CPU.Build.0 = Release|Any CPU
		{E5F7CEE0-BCAF-4FE9-B9EE-181972D34DFB}.Debug|Any CPU.ActiveCfg = Debug|Any CPU
		{E5F7CEE0-BCAF-4FE9-B9EE-181972D34DFB}.Debug|Any CPU.Build.0 = Debug|Any CPU
		{E5F7CEE0-BCAF-4FE9-B9EE-181972D34DFB}.Release|Any CPU.ActiveCfg = Release|Any CPU
		{E5F7CEE0-BCAF-4FE9-B9EE-181972D34DFB}.Release|Any CPU.Build.0 = Release|Any CPU
		{8067F9D1-EA4D-4093-B1C5-37E8E0C3DF00}.Debug|Any CPU.ActiveCfg = Debug|Any CPU
		{8067F9D1-EA4D-4093-B1C5-37E8E0C3DF00}.Debug|Any CPU.Build.0 = Debug|Any CPU
		{8067F9D1-EA4D-4093-B1C5-37E8E0C3DF00}.Release|Any CPU.ActiveCfg = Release|Any CPU
		{8067F9D1-EA4D-4093-B1C5-37E8E0C3DF00}.Release|Any CPU.Build.0 = Release|Any CPU
		{83AF8388-DEE0-49C6-803B-DA7E04763305}.Debug|Any CPU.ActiveCfg = Debug|Any CPU
		{83AF8388-DEE0-49C6-803B-DA7E04763305}.Debug|Any CPU.Build.0 = Debug|Any CPU
		{83AF8388-DEE0-49C6-803B-DA7E04763305}.Release|Any CPU.ActiveCfg = Release|Any CPU
		{83AF8388-DEE0-49C6-803B-DA7E04763305}.Release|Any CPU.Build.0 = Release|Any CPU
		{99C7240B-AED9-46B4-9ECF-84DDCC7004C3}.Debug|Any CPU.ActiveCfg = Debug|Any CPU
		{99C7240B-AED9-46B4-9ECF-84DDCC7004C3}.Debug|Any CPU.Build.0 = Debug|Any CPU
		{99C7240B-AED9-46B4-9ECF-84DDCC7004C3}.Release|Any CPU.ActiveCfg = Release|Any CPU
		{99C7240B-AED9-46B4-9ECF-84DDCC7004C3}.Release|Any CPU.Build.0 = Release|Any CPU
		{615BF079-9C7C-4465-BE07-0E0863D6EE22}.Debug|Any CPU.ActiveCfg = Debug|Any CPU
		{615BF079-9C7C-4465-BE07-0E0863D6EE22}.Debug|Any CPU.Build.0 = Debug|Any CPU
		{615BF079-9C7C-4465-BE07-0E0863D6EE22}.Release|Any CPU.ActiveCfg = Release|Any CPU
		{615BF079-9C7C-4465-BE07-0E0863D6EE22}.Release|Any CPU.Build.0 = Release|Any CPU
		{EAFEFC14-8D8A-4A6F-B5FB-198F4DF8F93C}.Debug|Any CPU.ActiveCfg = Debug|Any CPU
		{EAFEFC14-8D8A-4A6F-B5FB-198F4DF8F93C}.Debug|Any CPU.Build.0 = Debug|Any CPU
		{EAFEFC14-8D8A-4A6F-B5FB-198F4DF8F93C}.Release|Any CPU.ActiveCfg = Release|Any CPU
		{EAFEFC14-8D8A-4A6F-B5FB-198F4DF8F93C}.Release|Any CPU.Build.0 = Release|Any CPU
		{75BAC1E7-0456-4C6C-8C0E-43F6F0B5A45E}.Debug|Any CPU.ActiveCfg = Debug|Any CPU
		{75BAC1E7-0456-4C6C-8C0E-43F6F0B5A45E}.Debug|Any CPU.Build.0 = Debug|Any CPU
		{75BAC1E7-0456-4C6C-8C0E-43F6F0B5A45E}.Release|Any CPU.ActiveCfg = Release|Any CPU
		{75BAC1E7-0456-4C6C-8C0E-43F6F0B5A45E}.Release|Any CPU.Build.0 = Release|Any CPU
		{18E2E586-13DE-48B0-93E9-439F16131383}.Debug|Any CPU.ActiveCfg = Debug|Any CPU
		{18E2E586-13DE-48B0-93E9-439F16131383}.Debug|Any CPU.Build.0 = Debug|Any CPU
		{18E2E586-13DE-48B0-93E9-439F16131383}.Release|Any CPU.ActiveCfg = Release|Any CPU
		{18E2E586-13DE-48B0-93E9-439F16131383}.Release|Any CPU.Build.0 = Release|Any CPU
		{A5B9E209-A517-4DA4-B9BC-4A1119D1D3B6}.Debug|Any CPU.ActiveCfg = Debug|Any CPU
		{A5B9E209-A517-4DA4-B9BC-4A1119D1D3B6}.Debug|Any CPU.Build.0 = Debug|Any CPU
		{A5B9E209-A517-4DA4-B9BC-4A1119D1D3B6}.Release|Any CPU.ActiveCfg = Release|Any CPU
		{A5B9E209-A517-4DA4-B9BC-4A1119D1D3B6}.Release|Any CPU.Build.0 = Release|Any CPU
	EndGlobalSection
	GlobalSection(SolutionProperties) = preSolution
		HideSolutionNode = FALSE
	EndGlobalSection
	GlobalSection(ExtensibilityGlobals) = postSolution
		SolutionGuid = {C40B3B79-A954-4CEE-B5BC-54572478724A}
	EndGlobalSection
EndGlobal
